
Microsoft Visual Studio Solution File, Format Version 12.00
# Visual Studio Version 17
VisualStudioVersion = 17.8.34330.188
MinimumVisualStudioVersion = 10.0.40219.1
Project("{FAE04EC0-301F-11D3-BF4B-00C04F79EFBC}") = "SpeechPractice", "SpeechPractice\SpeechPractice.csproj", "{87BB2F85-15D4-4C8F-B85D-0EF930CD2DE1}"
EndProject
Global
	GlobalSection(SolutionConfigurationPlatforms) = preSolution
		Debug|Any CPU = Debug|Any CPU
		Release|Any CPU = Release|Any CPU
	EndGlobalSection
	GlobalSection(ProjectConfigurationPlatforms) = postSolution
		{87BB2F85-15D4-4C8F-B85D-0EF930CD2DE1}.Debug|Any CPU.ActiveCfg = Debug|Any CPU
		{87BB2F85-15D4-4C8F-B85D-0EF930CD2DE1}.Debug|Any CPU.Build.0 = Debug|Any CPU
		{87BB2F85-15D4-4C8F-B85D-0EF930CD2DE1}.Release|Any CPU.ActiveCfg = Release|Any CPU
		{87BB2F85-15D4-4C8F-B85D-0EF930CD2DE1}.Release|Any CPU.Build.0 = Release|Any CPU
	EndGlobalSection
	GlobalSection(SolutionProperties) = preSolution
		HideSolutionNode = FALSE
	EndGlobalSection
	GlobalSection(ExtensibilityGlobals) = postSolution
		SolutionGuid = {57528648-1CDE-44F2-B553-8CB4A0CF3D3E}
	EndGlobalSection
EndGlobal
